
Microsoft Visual Studio Solution File, Format Version 12.00
# Visual Studio Version 17
VisualStudioVersion = 17.6.33723.286
MinimumVisualStudioVersion = 10.0.40219.1
Project("{FAE04EC0-301F-11D3-BF4B-00C04F79EFBC}") = "DelegatesBasicExample1", "DelegatesBasicExample1\DelegatesBasicExample1.csproj", "{5DE7EF57-A198-46C5-9980-A3322BA9FB0E}"
EndProject
Global
	GlobalSection(SolutionConfigurationPlatforms) = preSolution
		Debug|Any CPU = Debug|Any CPU
		Release|Any CPU = Release|Any CPU
	EndGlobalSection
	GlobalSection(ProjectConfigurationPlatforms) = postSolution
		{5DE7EF57-A198-46C5-9980-A3322BA9FB0E}.Debug|Any CPU.ActiveCfg = Debug|Any CPU
		{5DE7EF57-A198-46C5-9980-A3322BA9FB0E}.Debug|Any CPU.Build.0 = Debug|Any CPU
		{5DE7EF57-A198-46C5-9980-A3322BA9FB0E}.Release|Any CPU.ActiveCfg = Release|Any CPU
		{5DE7EF57-A198-46C5-9980-A3322BA9FB0E}.Release|Any CPU.Build.0 = Release|Any CPU
	EndGlobalSection
	GlobalSection(SolutionProperties) = preSolution
		HideSolutionNode = FALSE
	EndGlobalSection
	GlobalSection(ExtensibilityGlobals) = postSolution
		SolutionGuid = {86394775-50C9-4BCA-91A1-284BB9E247FC}
	EndGlobalSection
EndGlobal
